
Microsoft Visual Studio Solution File, Format Version 12.00
# Visual Studio Version 17
VisualStudioVersion = 17.3.32922.545
MinimumVisualStudioVersion = 10.0.40219.1
Project("{FAE04EC0-301F-11D3-BF4B-00C04F79EFBC}") = "PC_JAWABARAT", "PC_JAWABARAT\PC_JAWABARAT.csproj", "{D693506F-0A8B-4CC6-90B6-6D8ABBB6F007}"
EndProject
Global
	GlobalSection(SolutionConfigurationPlatforms) = preSolution
		Debug|Any CPU = Debug|Any CPU
		Release|Any CPU = Release|Any CPU
	EndGlobalSection
	GlobalSection(ProjectConfigurationPlatforms) = postSolution
		{D693506F-0A8B-4CC6-90B6-6D8ABBB6F007}.Debug|Any CPU.ActiveCfg = Debug|Any CPU
		{D693506F-0A8B-4CC6-90B6-6D8ABBB6F007}.Debug|Any CPU.Build.0 = Debug|Any CPU
		{D693506F-0A8B-4CC6-90B6-6D8ABBB6F007}.Release|Any CPU.ActiveCfg = Release|Any CPU
		{D693506F-0A8B-4CC6-90B6-6D8ABBB6F007}.Release|Any CPU.Build.0 = Release|Any CPU
	EndGlobalSection
	GlobalSection(SolutionProperties) = preSolution
		HideSolutionNode = FALSE
	EndGlobalSection
	GlobalSection(ExtensibilityGlobals) = postSolution
		SolutionGuid = {72F89CEA-BCDF-4A21-8446-EFF7AD947C98}
	EndGlobalSection
EndGlobal
